
Microsoft Visual Studio Solution File, Format Version 12.00
# Visual Studio Version 17
VisualStudioVersion = 17.8.34511.84
MinimumVisualStudioVersion = 10.0.40219.1
Project("{FAE04EC0-301F-11D3-BF4B-00C04F79EFBC}") = "EventAndStateBackEnd", "EventAndStateViewer\EventAndStateBackEnd.csproj", "{9E025EF7-988B-48BC-8897-58C7FC85F7FD}"
EndProject
Global
	GlobalSection(SolutionConfigurationPlatforms) = preSolution
		Debug|x64 = Debug|x64
		Release|x64 = Release|x64
	EndGlobalSection
	GlobalSection(ProjectConfigurationPlatforms) = postSolution
		{9E025EF7-988B-48BC-8897-58C7FC85F7FD}.Debug|x64.ActiveCfg = Debug|x64
		{9E025EF7-988B-48BC-8897-58C7FC85F7FD}.Debug|x64.Build.0 = Debug|x64
		{9E025EF7-988B-48BC-8897-58C7FC85F7FD}.Release|x64.ActiveCfg = Release|x64
		{9E025EF7-988B-48BC-8897-58C7FC85F7FD}.Release|x64.Build.0 = Release|x64
	EndGlobalSection
	GlobalSection(SolutionProperties) = preSolution
		HideSolutionNode = FALSE
	EndGlobalSection
	GlobalSection(ExtensibilityGlobals) = postSolution
		SolutionGuid = {47B26A53-6059-4B6A-80C1-CA09C05847F5}
	EndGlobalSection
EndGlobal
